
Microsoft Visual Studio Solution File, Format Version 12.00
# Visual Studio Version 17
VisualStudioVersion = 17.0.31903.59
MinimumVisualStudioVersion = 10.0.40219.1
Project("{2150E333-8FDC-42A3-9474-1A3956D46DE8}") = "src", "src", "{827E0CD3-B72D-47B6-A68D-7590B98EB39B}"
EndProject
Project("{FAE04EC0-301F-11D3-BF4B-00C04F79EFBC}") = "Api", "src\Api\Api.csproj", "{5BA55811-98A3-4070-917C-3F0858BF1506}"
EndProject
Project("{FAE04EC0-301F-11D3-BF4B-00C04F79EFBC}") = "Application", "src\Application\Application.csproj", "{7205C7E7-0345-448B-B379-47B4962E2F73}"
EndProject
Project("{FAE04EC0-301F-11D3-BF4B-00C04F79EFBC}") = "Domain", "src\Domain\Domain.csproj", "{AF7FC104-72E6-48C4-8086-D2327FB4184F}"
EndProject
Project("{FAE04EC0-301F-11D3-BF4B-00C04F79EFBC}") = "Infrastructure", "src\Infrastructure\Infrastructure.csproj", "{89822C37-A766-4826-BD6A-8862414BB630}"
EndProject
Project("{FAE04EC0-301F-11D3-BF4B-00C04F79EFBC}") = "Shared", "src\Shared\Shared.csproj", "{6218746F-0957-4F10-9A5B-BFA1853D97BB}"
EndProject
Project("{2150E333-8FDC-42A3-9474-1A3956D46DE8}") = "tests", "tests", "{0AB3BF05-4346-4AA6-1389-037BE0695223}"
EndProject
Project("{FAE04EC0-301F-11D3-BF4B-00C04F79EFBC}") = "UnitTests", "tests\UnitTests\UnitTests.csproj", "{4560ACBF-18AE-4CD8-8607-1BA25A2B23CC}"
EndProject
Project("{FAE04EC0-301F-11D3-BF4B-00C04F79EFBC}") = "IntegrationTests", "tests\IntegrationTests\IntegrationTests.csproj", "{9CD63F17-3EB6-4EC1-A421-61E640811C04}"
EndProject
Global
	GlobalSection(SolutionConfigurationPlatforms) = preSolution
		Debug|Any CPU = Debug|Any CPU
		Debug|x64 = Debug|x64
		Debug|x86 = Debug|x86
		Release|Any CPU = Release|Any CPU
		Release|x64 = Release|x64
		Release|x86 = Release|x86
	EndGlobalSection
	GlobalSection(ProjectConfigurationPlatforms) = postSolution
		{5BA55811-98A3-4070-917C-3F0858BF1506}.Debug|Any CPU.ActiveCfg = Debug|Any CPU
		{5BA55811-98A3-4070-917C-3F0858BF1506}.Debug|Any CPU.Build.0 = Debug|Any CPU
		{5BA55811-98A3-4070-917C-3F0858BF1506}.Debug|x64.ActiveCfg = Debug|Any CPU
		{5BA55811-98A3-4070-917C-3F0858BF1506}.Debug|x64.Build.0 = Debug|Any CPU
		{5BA55811-98A3-4070-917C-3F0858BF1506}.Debug|x86.ActiveCfg = Debug|Any CPU
		{5BA55811-98A3-4070-917C-3F0858BF1506}.Debug|x86.Build.0 = Debug|Any CPU
		{5BA55811-98A3-4070-917C-3F0858BF1506}.Release|Any CPU.ActiveCfg = Release|Any CPU
		{5BA55811-98A3-4070-917C-3F0858BF1506}.Release|Any CPU.Build.0 = Release|Any CPU
		{5BA55811-98A3-4070-917C-3F0858BF1506}.Release|x64.ActiveCfg = Release|Any CPU
		{5BA55811-98A3-4070-917C-3F0858BF1506}.Release|x64.Build.0 = Release|Any CPU
		{5BA55811-98A3-4070-917C-3F0858BF1506}.Release|x86.ActiveCfg = Release|Any CPU
		{5BA55811-98A3-4070-917C-3F0858BF1506}.Release|x86.Build.0 = Release|Any CPU
		{7205C7E7-0345-448B-B379-47B4962E2F73}.Debug|Any CPU.ActiveCfg = Debug|Any CPU
		{7205C7E7-0345-448B-B379-47B4962E2F73}.Debug|Any CPU.Build.0 = Debug|Any CPU
		{7205C7E7-0345-448B-B379-47B4962E2F73}.Debug|x64.ActiveCfg = Debug|Any CPU
		{7205C7E7-0345-448B-B379-47B4962E2F73}.Debug|x64.Build.0 = Debug|Any CPU
		{7205C7E7-0345-448B-B379-47B4962E2F73}.Debug|x86.ActiveCfg = Debug|Any CPU
		{7205C7E7-0345-448B-B379-47B4962E2F73}.Debug|x86.Build.0 = Debug|Any CPU
		{7205C7E7-0345-448B-B379-47B4962E2F73}.Release|Any CPU.ActiveCfg = Release|Any CPU
		{7205C7E7-0345-448B-B379-47B4962E2F73}.Release|Any CPU.Build.0 = Release|Any CPU
		{7205C7E7-0345-448B-B379-47B4962E2F73}.Release|x64.ActiveCfg = Release|Any CPU
		{7205C7E7-0345-448B-B379-47B4962E2F73}.Release|x64.Build.0 = Release|Any CPU
		{7205C7E7-0345-448B-B379-47B4962E2F73}.Release|x86.ActiveCfg = Release|Any CPU
		{7205C7E7-0345-448B-B379-47B4962E2F73}.Release|x86.Build.0 = Release|Any CPU
		{AF7FC104-72E6-48C4-8086-D2327FB4184F}.Debug|Any CPU.ActiveCfg = Debug|Any CPU
		{AF7FC104-72E6-48C4-8086-D2327FB4184F}.Debug|Any CPU.Build.0 = Debug|Any CPU
		{AF7FC104-72E6-48C4-8086-D2327FB4184F}.Debug|x64.ActiveCfg = Debug|Any CPU
		{AF7FC104-72E6-48C4-8086-D2327FB4184F}.Debug|x64.Build.0 = Debug|Any CPU
		{AF7FC104-72E6-48C4-8086-D2327FB4184F}.Debug|x86.ActiveCfg = Debug|Any CPU
		{AF7FC104-72E6-48C4-8086-D2327FB4184F}.Debug|x86.Build.0 = Debug|Any CPU
		{AF7FC104-72E6-48C4-8086-D2327FB4184F}.Release|Any CPU.ActiveCfg = Release|Any CPU
		{AF7FC104-72E6-48C4-8086-D2327FB4184F}.Release|Any CPU.Build.0 = Release|Any CPU
		{AF7FC104-72E6-48C4-8086-D2327FB4184F}.Release|x64.ActiveCfg = Release|Any CPU
		{AF7FC104-72E6-48C4-8086-D2327FB4184F}.Release|x64.Build.0 = Release|Any CPU
		{AF7FC104-72E6-48C4-8086-D2327FB4184F}.Release|x86.ActiveCfg = Release|Any CPU
		{AF7FC104-72E6-48C4-8086-D2327FB4184F}.Release|x86.Build.0 = Release|Any CPU
		{89822C37-A766-4826-BD6A-8862414BB630}.Debug|Any CPU.ActiveCfg = Debug|Any CPU
		{89822C37-A766-4826-BD6A-8862414BB630}.Debug|Any CPU.Build.0 = Debug|Any CPU
		{89822C37-A766-4826-BD6A-8862414BB630}.Debug|x64.ActiveCfg = Debug|Any CPU
		{89822C37-A766-4826-BD6A-8862414BB630}.Debug|x64.Build.0 = Debug|Any CPU
		{89822C37-A766-4826-BD6A-8862414BB630}.Debug|x86.ActiveCfg = Debug|Any CPU
		{89822C37-A766-4826-BD6A-8862414BB630}.Debug|x86.Build.0 = Debug|Any CPU
		{89822C37-A766-4826-BD6A-8862414BB630}.Release|Any CPU.ActiveCfg = Release|Any CPU
		{89822C37-A766-4826-BD6A-8862414BB630}.Release|Any CPU.Build.0 = Release|Any CPU
		{89822C37-A766-4826-BD6A-8862414BB630}.Release|x64.ActiveCfg = Release|Any CPU
		{89822C37-A766-4826-BD6A-8862414BB630}.Release|x64.Build.0 = Release|Any CPU
		{89822C37-A766-4826-BD6A-8862414BB630}.Release|x86.ActiveCfg = Release|Any CPU
		{89822C37-A766-4826-BD6A-8862414BB630}.Release|x86.Build.0 = Release|Any CPU
		{6218746F-0957-4F10-9A5B-BFA1853D97BB}.Debug|Any CPU.ActiveCfg = Debug|Any CPU
		{6218746F-0957-4F10-9A5B-BFA1853D97BB}.Debug|Any CPU.Build.0 = Debug|Any CPU
		{6218746F-0957-4F10-9A5B-BFA1853D97BB}.Debug|x64.ActiveCfg = Debug|Any CPU
		{6218746F-0957-4F10-9A5B-BFA1853D97BB}.Debug|x64.Build.0 = Debug|Any CPU
		{6218746F-0957-4F10-9A5B-BFA1853D97BB}.Debug|x86.ActiveCfg = Debug|Any CPU
		{6218746F-0957-4F10-9A5B-BFA1853D97BB}.Debug|x86.Build.0 = Debug|Any CPU
		{6218746F-0957-4F10-9A5B-BFA1853D97BB}.Release|Any CPU.ActiveCfg = Release|Any CPU
		{6218746F-0957-4F10-9A5B-BFA1853D97BB}.Release|Any CPU.Build.0 = Release|Any CPU
		{6218746F-0957-4F10-9A5B-BFA1853D97BB}.Release|x64.ActiveCfg = Release|Any CPU
		{6218746F-0957-4F10-9A5B-BFA1853D97BB}.Release|x64.Build.0 = Release|Any CPU
		{6218746F-0957-4F10-9A5B-BFA1853D97BB}.Release|x86.ActiveCfg = Release|Any CPU
		{6218746F-0957-4F10-9A5B-BFA1853D97BB}.Release|x86.Build.0 = Release|Any CPU
		{4560ACBF-18AE-4CD8-8607-1BA25A2B23CC}.Debug|Any CPU.ActiveCfg = Debug|Any CPU
		{4560ACBF-18AE-4CD8-8607-1BA25A2B23CC}.Debug|Any CPU.Build.0 = Debug|Any CPU
		{4560ACBF-18AE-4CD8-8607-1BA25A2B23CC}.Debug|x64.ActiveCfg = Debug|Any CPU
		{4560ACBF-18AE-4CD8-8607-1BA25A2B23CC}.Debug|x64.Build.0 = Debug|Any CPU
		{4560ACBF-18AE-4CD8-8607-1BA25A2B23CC}.Debug|x86.ActiveCfg = Debug|Any CPU
		{4560ACBF-18AE-4CD8-8607-1BA25A2B23CC}.Debug|x86.Build.0 = Debug|Any CPU
		{4560ACBF-18AE-4CD8-8607-1BA25A2B23CC}.Release|Any CPU.ActiveCfg = Release|Any CPU
		{4560ACBF-18AE-4CD8-8607-1BA25A2B23CC}.Release|Any CPU.Build.0 = Release|Any CPU
		{4560ACBF-18AE-4CD8-8607-1BA25A2B23CC}.Release|x64.ActiveCfg = Release|Any CPU
		{4560ACBF-18AE-4CD8-8607-1BA25A2B23CC}.Release|x64.Build.0 = Release|Any CPU
		{4560ACBF-18AE-4CD8-8607-1BA25A2B23CC}.Release|x86.ActiveCfg = Release|Any CPU
		{4560ACBF-18AE-4CD8-8607-1BA25A2B23CC}.Release|x86.Build.0 = Release|Any CPU
		{9CD63F17-3EB6-4EC1-A421-61E640811C04}.Debug|Any CPU.ActiveCfg = Debug|Any CPU
		{9CD63F17-3EB6-4EC1-A421-61E640811C04}.Debug|Any CPU.Build.0 = Debug|Any CPU
		{9CD63F17-3EB6-4EC1-A421-61E640811C04}.Debug|x64.ActiveCfg = Debug|Any CPU
		{9CD63F17-3EB6-4EC1-A421-61E640811C04}.Debug|x64.Build.0 = Debug|Any CPU
		{9CD63F17-3EB6-4EC1-A421-61E640811C04}.Debug|x86.ActiveCfg = Debug|Any CPU
		{9CD63F17-3EB6-4EC1-A421-61E640811C04}.Debug|x86.Build.0 = Debug|Any CPU
		{9CD63F17-3EB6-4EC1-A421-61E640811C04}.Release|Any CPU.ActiveCfg = Release|Any CPU
		{9CD63F17-3EB6-4EC1-A421-61E640811C04}.Release|Any CPU.Build.0 = Release|Any CPU
		{9CD63F17-3EB6-4EC1-A421-61E640811C04}.Release|x64.ActiveCfg = Release|Any CPU
		{9CD63F17-3EB6-4EC1-A421-61E640811C04}.Release|x64.Build.0 = Release|Any CPU
		{9CD63F17-3EB6-4EC1-A421-61E640811C04}.Release|x86.ActiveCfg = Release|Any CPU
		{9CD63F17-3EB6-4EC1-A421-61E640811C04}.Release|x86.Build.0 = Release|Any CPU
	EndGlobalSection
	GlobalSection(SolutionProperties) = preSolution
		HideSolutionNode = FALSE
	EndGlobalSection
	GlobalSection(NestedProjects) = preSolution
		{5BA55811-98A3-4070-917C-3F0858BF1506} = {827E0CD3-B72D-47B6-A68D-7590B98EB39B}
		{7205C7E7-0345-448B-B379-47B4962E2F73} = {827E0CD3-B72D-47B6-A68D-7590B98EB39B}
		{AF7FC104-72E6-48C4-8086-D2327FB4184F} = {827E0CD3-B72D-47B6-A68D-7590B98EB39B}
		{89822C37-A766-4826-BD6A-8862414BB630} = {827E0CD3-B72D-47B6-A68D-7590B98EB39B}
		{6218746F-0957-4F10-9A5B-BFA1853D97BB} = {827E0CD3-B72D-47B6-A68D-7590B98EB39B}
		{4560ACBF-18AE-4CD8-8607-1BA25A2B23CC} = {0AB3BF05-4346-4AA6-1389-037BE0695223}
		{9CD63F17-3EB6-4EC1-A421-61E640811C04} = {0AB3BF05-4346-4AA6-1389-037BE0695223}
	EndGlobalSection
EndGlobal
